
Microsoft Visual Studio Solution File, Format Version 12.00
# Visual Studio 2015
Project("{FAE04EC0-301F-11D3-BF4B-00C04F79EFBC}") = "DeepSpace", "DeepSpace.csproj", "{5A0B395A-6311-D349-795F-31075CAF99A7}"
EndProject
Project("{FAE04EC0-301F-11D3-BF4B-00C04F79EFBC}") = "DeepSpace.Editor", "DeepSpace.Editor.csproj", "{9BEFC76F-AE2A-FA42-D0FF-A3B4A48C8A72}"
EndProject
Global
	GlobalSection(SolutionConfigurationPlatforms) = preSolution
		Debug|Any CPU = Debug|Any CPU
		Release|Any CPU = Release|Any CPU
	EndGlobalSection
	GlobalSection(ProjectConfigurationPlatforms) = postSolution
		{5A0B395A-6311-D349-795F-31075CAF99A7}.Debug|Any CPU.ActiveCfg = Debug|Any CPU
		{5A0B395A-6311-D349-795F-31075CAF99A7}.Debug|Any CPU.Build.0 = Debug|Any CPU
		{5A0B395A-6311-D349-795F-31075CAF99A7}.Release|Any CPU.ActiveCfg = Release|Any CPU
		{5A0B395A-6311-D349-795F-31075CAF99A7}.Release|Any CPU.Build.0 = Release|Any CPU
		{9BEFC76F-AE2A-FA42-D0FF-A3B4A48C8A72}.Debug|Any CPU.ActiveCfg = Debug|Any CPU
		{9BEFC76F-AE2A-FA42-D0FF-A3B4A48C8A72}.Debug|Any CPU.Build.0 = Debug|Any CPU
		{9BEFC76F-AE2A-FA42-D0FF-A3B4A48C8A72}.Release|Any CPU.ActiveCfg = Release|Any CPU
		{9BEFC76F-AE2A-FA42-D0FF-A3B4A48C8A72}.Release|Any CPU.Build.0 = Release|Any CPU
	EndGlobalSection
	GlobalSection(SolutionProperties) = preSolution
		HideSolutionNode = FALSE
	EndGlobalSection
EndGlobal
