
Microsoft Visual Studio Solution File, Format Version 12.00
# Visual Studio 2015
Project("{FAE04EC0-301F-11D3-BF4B-00C04F79EFBC}") = "NoWhere'sEnd", "NoWhere'sEnd.csproj", "{4AC5487F-7D7B-4D65-9411-0394E5B9BDFE}"
EndProject
Project("{FAE04EC0-301F-11D3-BF4B-00C04F79EFBC}") = "NoWhere'sEnd.Editor", "NoWhere'sEnd.Editor.csproj", "{70B9C69F-91B9-F2AF-112B-407723083CCB}"
EndProject
Global
	GlobalSection(SolutionConfigurationPlatforms) = preSolution
		Debug|Any CPU = Debug|Any CPU
		Release|Any CPU = Release|Any CPU
	EndGlobalSection
	GlobalSection(ProjectConfigurationPlatforms) = postSolution
		{4AC5487F-7D7B-4D65-9411-0394E5B9BDFE}.Debug|Any CPU.ActiveCfg = Debug|Any CPU
		{4AC5487F-7D7B-4D65-9411-0394E5B9BDFE}.Debug|Any CPU.Build.0 = Debug|Any CPU
		{4AC5487F-7D7B-4D65-9411-0394E5B9BDFE}.Release|Any CPU.ActiveCfg = Release|Any CPU
		{4AC5487F-7D7B-4D65-9411-0394E5B9BDFE}.Release|Any CPU.Build.0 = Release|Any CPU
		{70B9C69F-91B9-F2AF-112B-407723083CCB}.Debug|Any CPU.ActiveCfg = Debug|Any CPU
		{70B9C69F-91B9-F2AF-112B-407723083CCB}.Debug|Any CPU.Build.0 = Debug|Any CPU
		{70B9C69F-91B9-F2AF-112B-407723083CCB}.Release|Any CPU.ActiveCfg = Release|Any CPU
		{70B9C69F-91B9-F2AF-112B-407723083CCB}.Release|Any CPU.Build.0 = Release|Any CPU
	EndGlobalSection
	GlobalSection(SolutionProperties) = preSolution
		HideSolutionNode = FALSE
	EndGlobalSection
EndGlobal
